
Microsoft Visual Studio Solution File, Format Version 12.00
# Visual Studio 14
VisualStudioVersion = 14.0.25420.1
MinimumVisualStudioVersion = 10.0.40219.1
Project("{FAE04EC0-301F-11D3-BF4B-00C04F79EFBC}") = "01.SinoTheWalker", "01.SinoTheWalker\01.SinoTheWalker.csproj", "{3004DC7D-4241-43FF-8B7E-DC9EE0E0159A}"
EndProject
Project("{FAE04EC0-301F-11D3-BF4B-00C04F79EFBC}") = "02.SoftUniKaraoke", "02.SoftUniKaraoke\02.SoftUniKaraoke.csproj", "{C9C293BF-51A6-4C22-8B0A-80B444455B03}"
EndProject
Project("{FAE04EC0-301F-11D3-BF4B-00C04F79EFBC}") = "03.EnduranceRally", "03.EnduranceRally\03.EnduranceRally.csproj", "{E638D207-C13B-4682-99A1-2EFB438865BF}"
EndProject
Project("{FAE04EC0-301F-11D3-BF4B-00C04F79EFBC}") = "04.WinningTicket", "04.WinningTicket\04.WinningTicket.csproj", "{5E67BA8A-A8E7-4271-9483-1BC02375226A}"
EndProject
Global
	GlobalSection(SolutionConfigurationPlatforms) = preSolution
		Debug|Any CPU = Debug|Any CPU
		Release|Any CPU = Release|Any CPU
	EndGlobalSection
	GlobalSection(ProjectConfigurationPlatforms) = postSolution
		{3004DC7D-4241-43FF-8B7E-DC9EE0E0159A}.Debug|Any CPU.ActiveCfg = Debug|Any CPU
		{3004DC7D-4241-43FF-8B7E-DC9EE0E0159A}.Debug|Any CPU.Build.0 = Debug|Any CPU
		{3004DC7D-4241-43FF-8B7E-DC9EE0E0159A}.Release|Any CPU.ActiveCfg = Release|Any CPU
		{3004DC7D-4241-43FF-8B7E-DC9EE0E0159A}.Release|Any CPU.Build.0 = Release|Any CPU
		{C9C293BF-51A6-4C22-8B0A-80B444455B03}.Debug|Any CPU.ActiveCfg = Debug|Any CPU
		{C9C293BF-51A6-4C22-8B0A-80B444455B03}.Debug|Any CPU.Build.0 = Debug|Any CPU
		{C9C293BF-51A6-4C22-8B0A-80B444455B03}.Release|Any CPU.ActiveCfg = Release|Any CPU
		{C9C293BF-51A6-4C22-8B0A-80B444455B03}.Release|Any CPU.Build.0 = Release|Any CPU
		{E638D207-C13B-4682-99A1-2EFB438865BF}.Debug|Any CPU.ActiveCfg = Debug|Any CPU
		{E638D207-C13B-4682-99A1-2EFB438865BF}.Debug|Any CPU.Build.0 = Debug|Any CPU
		{E638D207-C13B-4682-99A1-2EFB438865BF}.Release|Any CPU.ActiveCfg = Release|Any CPU
		{E638D207-C13B-4682-99A1-2EFB438865BF}.Release|Any CPU.Build.0 = Release|Any CPU
		{5E67BA8A-A8E7-4271-9483-1BC02375226A}.Debug|Any CPU.ActiveCfg = Debug|Any CPU
		{5E67BA8A-A8E7-4271-9483-1BC02375226A}.Debug|Any CPU.Build.0 = Debug|Any CPU
		{5E67BA8A-A8E7-4271-9483-1BC02375226A}.Release|Any CPU.ActiveCfg = Release|Any CPU
		{5E67BA8A-A8E7-4271-9483-1BC02375226A}.Release|Any CPU.Build.0 = Release|Any CPU
	EndGlobalSection
	GlobalSection(SolutionProperties) = preSolution
		HideSolutionNode = FALSE
	EndGlobalSection
EndGlobal
