
Microsoft Visual Studio Solution File, Format Version 12.00
# Visual Studio 14
VisualStudioVersion = 14.0.25123.0
MinimumVisualStudioVersion = 10.0.40219.1
Project("{FAE04EC0-301F-11D3-BF4B-00C04F79EFBC}") = "01.Shellbound", "01.Shellbound\01.Shellbound.csproj", "{819781CA-45A0-4EFD-A338-2C28DC9F6202}"
EndProject
Project("{FAE04EC0-301F-11D3-BF4B-00C04F79EFBC}") = "02.DictRefAdvanced", "02.DictRefAdvanced\02.DictRefAdvanced.csproj", "{55D76DC2-434E-4A7B-99CA-BB5D5FED6D34}"
EndProject
Project("{FAE04EC0-301F-11D3-BF4B-00C04F79EFBC}") = "03.ForumTopics", "03.ForumTopics\03.ForumTopics.csproj", "{FBE71A42-9B05-47A3-BC41-8C12F66EEE43}"
EndProject
Project("{FAE04EC0-301F-11D3-BF4B-00C04F79EFBC}") = "04.SocialMediaPosts", "04.SocialMediaPosts\04.SocialMediaPosts.csproj", "{7F018541-FC83-4012-A537-A6C81905BB7E}"
EndProject
Global
	GlobalSection(SolutionConfigurationPlatforms) = preSolution
		Debug|Any CPU = Debug|Any CPU
		Release|Any CPU = Release|Any CPU
	EndGlobalSection
	GlobalSection(ProjectConfigurationPlatforms) = postSolution
		{819781CA-45A0-4EFD-A338-2C28DC9F6202}.Debug|Any CPU.ActiveCfg = Debug|Any CPU
		{819781CA-45A0-4EFD-A338-2C28DC9F6202}.Debug|Any CPU.Build.0 = Debug|Any CPU
		{819781CA-45A0-4EFD-A338-2C28DC9F6202}.Release|Any CPU.ActiveCfg = Release|Any CPU
		{819781CA-45A0-4EFD-A338-2C28DC9F6202}.Release|Any CPU.Build.0 = Release|Any CPU
		{55D76DC2-434E-4A7B-99CA-BB5D5FED6D34}.Debug|Any CPU.ActiveCfg = Debug|Any CPU
		{55D76DC2-434E-4A7B-99CA-BB5D5FED6D34}.Debug|Any CPU.Build.0 = Debug|Any CPU
		{55D76DC2-434E-4A7B-99CA-BB5D5FED6D34}.Release|Any CPU.ActiveCfg = Release|Any CPU
		{55D76DC2-434E-4A7B-99CA-BB5D5FED6D34}.Release|Any CPU.Build.0 = Release|Any CPU
		{FBE71A42-9B05-47A3-BC41-8C12F66EEE43}.Debug|Any CPU.ActiveCfg = Debug|Any CPU
		{FBE71A42-9B05-47A3-BC41-8C12F66EEE43}.Debug|Any CPU.Build.0 = Debug|Any CPU
		{FBE71A42-9B05-47A3-BC41-8C12F66EEE43}.Release|Any CPU.ActiveCfg = Release|Any CPU
		{FBE71A42-9B05-47A3-BC41-8C12F66EEE43}.Release|Any CPU.Build.0 = Release|Any CPU
		{7F018541-FC83-4012-A537-A6C81905BB7E}.Debug|Any CPU.ActiveCfg = Debug|Any CPU
		{7F018541-FC83-4012-A537-A6C81905BB7E}.Debug|Any CPU.Build.0 = Debug|Any CPU
		{7F018541-FC83-4012-A537-A6C81905BB7E}.Release|Any CPU.ActiveCfg = Release|Any CPU
		{7F018541-FC83-4012-A537-A6C81905BB7E}.Release|Any CPU.Build.0 = Release|Any CPU
	EndGlobalSection
	GlobalSection(SolutionProperties) = preSolution
		HideSolutionNode = FALSE
	EndGlobalSection
EndGlobal
