
Microsoft Visual Studio Solution File, Format Version 12.00
# Visual Studio 14
VisualStudioVersion = 14.0.25420.1
MinimumVisualStudioVersion = 10.0.40219.1
Project("{FAE04EC0-301F-11D3-BF4B-00C04F79EFBC}") = "01.MelrahShake", "01.MelrahShake\01.MelrahShake.csproj", "{9A7D2C87-438B-4A17-8910-41F2DA21586E}"
EndProject
Project("{FAE04EC0-301F-11D3-BF4B-00C04F79EFBC}") = "02.CriticalBreakpoint", "02.CriticalBreakpoint\02.CriticalBreakpoint.csproj", "{BFDF7316-2BBE-48F3-AB29-FF23D3E4B14C}"
EndProject
Project("{FAE04EC0-301F-11D3-BF4B-00C04F79EFBC}") = "03.GUnit", "03.GUnit\03.GUnit.csproj", "{B3B2404C-4C3D-4A8A-88A9-71021C123BF6}"
EndProject
Global
	GlobalSection(SolutionConfigurationPlatforms) = preSolution
		Debug|Any CPU = Debug|Any CPU
		Release|Any CPU = Release|Any CPU
	EndGlobalSection
	GlobalSection(ProjectConfigurationPlatforms) = postSolution
		{9A7D2C87-438B-4A17-8910-41F2DA21586E}.Debug|Any CPU.ActiveCfg = Debug|Any CPU
		{9A7D2C87-438B-4A17-8910-41F2DA21586E}.Debug|Any CPU.Build.0 = Debug|Any CPU
		{9A7D2C87-438B-4A17-8910-41F2DA21586E}.Release|Any CPU.ActiveCfg = Release|Any CPU
		{9A7D2C87-438B-4A17-8910-41F2DA21586E}.Release|Any CPU.Build.0 = Release|Any CPU
		{BFDF7316-2BBE-48F3-AB29-FF23D3E4B14C}.Debug|Any CPU.ActiveCfg = Debug|Any CPU
		{BFDF7316-2BBE-48F3-AB29-FF23D3E4B14C}.Debug|Any CPU.Build.0 = Debug|Any CPU
		{BFDF7316-2BBE-48F3-AB29-FF23D3E4B14C}.Release|Any CPU.ActiveCfg = Release|Any CPU
		{BFDF7316-2BBE-48F3-AB29-FF23D3E4B14C}.Release|Any CPU.Build.0 = Release|Any CPU
		{B3B2404C-4C3D-4A8A-88A9-71021C123BF6}.Debug|Any CPU.ActiveCfg = Debug|Any CPU
		{B3B2404C-4C3D-4A8A-88A9-71021C123BF6}.Debug|Any CPU.Build.0 = Debug|Any CPU
		{B3B2404C-4C3D-4A8A-88A9-71021C123BF6}.Release|Any CPU.ActiveCfg = Release|Any CPU
		{B3B2404C-4C3D-4A8A-88A9-71021C123BF6}.Release|Any CPU.Build.0 = Release|Any CPU
	EndGlobalSection
	GlobalSection(SolutionProperties) = preSolution
		HideSolutionNode = FALSE
	EndGlobalSection
EndGlobal
