
Microsoft Visual Studio Solution File, Format Version 12.00
# Visual Studio 14
VisualStudioVersion = 14.0.25123.0
MinimumVisualStudioVersion = 10.0.40219.1
Project("{FAE04EC0-301F-11D3-BF4B-00C04F79EFBC}") = "01.RegisterUsers", "01.RegisterUsers\01.RegisterUsers.csproj", "{C0F17BCD-B78A-4A78-A353-40BD04147C86}"
EndProject
Project("{FAE04EC0-301F-11D3-BF4B-00C04F79EFBC}") = "02.DefaultValues", "02.DefaultValues\02.DefaultValues.csproj", "{EE9178B6-D998-41CA-82DC-E96B45EE1E3F}"
EndProject
Project("{FAE04EC0-301F-11D3-BF4B-00C04F79EFBC}") = "03.FlattenDictionary", "03.FlattenDictionary\03.FlattenDictionary.csproj", "{7BE779AC-11E2-4192-B751-2FC6B9296ED1}"
EndProject
Project("{FAE04EC0-301F-11D3-BF4B-00C04F79EFBC}") = "04.CottageScraper", "04.CottageScraper\04.CottageScraper.csproj", "{F2B973CE-A14D-4AF6-89FD-07A904F98F1D}"
EndProject
Global
	GlobalSection(SolutionConfigurationPlatforms) = preSolution
		Debug|Any CPU = Debug|Any CPU
		Release|Any CPU = Release|Any CPU
	EndGlobalSection
	GlobalSection(ProjectConfigurationPlatforms) = postSolution
		{C0F17BCD-B78A-4A78-A353-40BD04147C86}.Debug|Any CPU.ActiveCfg = Debug|Any CPU
		{C0F17BCD-B78A-4A78-A353-40BD04147C86}.Debug|Any CPU.Build.0 = Debug|Any CPU
		{C0F17BCD-B78A-4A78-A353-40BD04147C86}.Release|Any CPU.ActiveCfg = Release|Any CPU
		{C0F17BCD-B78A-4A78-A353-40BD04147C86}.Release|Any CPU.Build.0 = Release|Any CPU
		{EE9178B6-D998-41CA-82DC-E96B45EE1E3F}.Debug|Any CPU.ActiveCfg = Debug|Any CPU
		{EE9178B6-D998-41CA-82DC-E96B45EE1E3F}.Debug|Any CPU.Build.0 = Debug|Any CPU
		{EE9178B6-D998-41CA-82DC-E96B45EE1E3F}.Release|Any CPU.ActiveCfg = Release|Any CPU
		{EE9178B6-D998-41CA-82DC-E96B45EE1E3F}.Release|Any CPU.Build.0 = Release|Any CPU
		{7BE779AC-11E2-4192-B751-2FC6B9296ED1}.Debug|Any CPU.ActiveCfg = Debug|Any CPU
		{7BE779AC-11E2-4192-B751-2FC6B9296ED1}.Debug|Any CPU.Build.0 = Debug|Any CPU
		{7BE779AC-11E2-4192-B751-2FC6B9296ED1}.Release|Any CPU.ActiveCfg = Release|Any CPU
		{7BE779AC-11E2-4192-B751-2FC6B9296ED1}.Release|Any CPU.Build.0 = Release|Any CPU
		{F2B973CE-A14D-4AF6-89FD-07A904F98F1D}.Debug|Any CPU.ActiveCfg = Debug|Any CPU
		{F2B973CE-A14D-4AF6-89FD-07A904F98F1D}.Debug|Any CPU.Build.0 = Debug|Any CPU
		{F2B973CE-A14D-4AF6-89FD-07A904F98F1D}.Release|Any CPU.ActiveCfg = Release|Any CPU
		{F2B973CE-A14D-4AF6-89FD-07A904F98F1D}.Release|Any CPU.Build.0 = Release|Any CPU
	EndGlobalSection
	GlobalSection(SolutionProperties) = preSolution
		HideSolutionNode = FALSE
	EndGlobalSection
EndGlobal
